# This file is automatically @generated by Poetry 1.8.3 and should not be changed by hand.

[[package]]
name = "backports-tempfile"
version = "1.0"
description = "Backport of new features in Python's tempfile module"
optional = false
python-versions = "*"
files = [
    {file = "backports.tempfile-1.0-py2.py3-none-any.whl", hash = "sha256:05aa50940946f05759696156a8c39be118169a0e0f94a49d0bb106503891ff54"},
    {file = "backports.tempfile-1.0.tar.gz", hash = "sha256:1c648c452e8770d759bdc5a5e2431209be70d25484e1be24876cf2168722c762"},
]

[package.dependencies]
"backports.weakref" = "*"

[[package]]
name = "backports-weakref"
version = "1.0.post1"
description = "Backport of new features in Python's weakref module"
optional = false
python-versions = "*"
files = [
    {file = "backports.weakref-1.0.post1-py2.py3-none-any.whl", hash = "sha256:81bc9b51c0abc58edc76aefbbc68c62a787918ffe943a37947e162c3f8e19e82"},
    {file = "backports.weakref-1.0.post1.tar.gz", hash = "sha256:bc4170a29915f8b22c9e7c4939701859650f2eb84184aee80da329ac0b9825c2"},
]

[[package]]
name = "configparser"
version = "4.0.2"
description = "Updated configparser from Python 3.7 for Python 2.6+."
optional = false
python-versions = ">=2.6"
files = [
    {file = "configparser-4.0.2-py2.py3-none-any.whl", hash = "sha256:254c1d9c79f60c45dfde850850883d5aaa7f19a23f13561243a050d5a7c3fe4c"},
    {file = "configparser-4.0.2.tar.gz", hash = "sha256:c7d282687a5308319bf3d2e7706e575c635b0a470342641c93bea0ea3b5331df"},
]

[package.extras]
docs = ["jaraco.packaging (>=3.2)", "rst.linker (>=1.9)", "sphinx"]
testing = ["pytest (>=3.5,!=3.7.3)", "pytest-black-multipy", "pytest-checkdocs (>=1.2)", "pytest-flake8"]

[[package]]
name = "contextlib2"
version = "0.6.0.post1"
description = "Backports and enhancements for the contextlib module"
optional = false
python-versions = ">=2.7, !=3.0.*, !=3.1.*, !=3.2.*, !=3.3.*"
files = [
    {file = "contextlib2-0.6.0.post1-py2.py3-none-any.whl", hash = "sha256:3355078a159fbb44ee60ea80abd0d87b80b78c248643b49aa6d94673b413609b"},
    {file = "contextlib2-0.6.0.post1.tar.gz", hash = "sha256:01f490098c18b19d2bd5bb5dc445b2054d2fa97f09a4280ba2c5f3c394c8162e"},
]

[[package]]
name = "future"
version = "1.0.0"
description = "Clean single-source support for Python 3 and 2"
optional = false
python-versions = ">=2.6, !=3.0.*, !=3.1.*, !=3.2.*"
files = [
    {file = "future-1.0.0-py3-none-any.whl", hash = "sha256:929292d34f5872e70396626ef385ec22355a1fae8ad29e1a734c3e43f9fbc216"},
    {file = "future-1.0.0.tar.gz", hash = "sha256:bd2968309307861edae1458a4f8a4f3598c03be43b97521076aebf5d94c07b05"},
]

[[package]]
name = "importlib-metadata"
version = "2.1.3"
description = "Read metadata from Python packages"
optional = false
python-versions = "!=3.0.*,!=3.1.*,!=3.2.*,!=3.3.*,!=3.4.*,>=2.7"
files = [
    {file = "importlib_metadata-2.1.3-py2.py3-none-any.whl", hash = "sha256:52e65a0856f9ba7ea8f2c4ced253fb6c88d1a8c352cb1e916cff4eb17d5a693d"},
    {file = "importlib_metadata-2.1.3.tar.gz", hash = "sha256:02a9f62b02e9b1cc43871809ef99947e8f5d94771392d666ada2cafc4cd09d4f"},
]

[package.dependencies]
configparser = {version = ">=3.5", markers = "python_version < \"3\""}
contextlib2 = {version = "*", markers = "python_version < \"3\""}
pathlib2 = {version = "*", markers = "python_version < \"3\""}
zipp = ">=0.5"

[package.extras]
docs = ["rst.linker", "sphinx"]
testing = ["importlib-resources (>=1.3)", "packaging", "pep517", "unittest2"]

[[package]]
name = "patch"
version = "1.16"
description = "Library to parse and apply unified diffs"
optional = false
python-versions = "*"
files = [
    {file = "patch-1.16.zip", hash = "sha256:c62073f356cff054c8ac24496f1a3d7cfa137835c31e9af39a9f5292fd75bd9f"},
]

[[package]]
name = "pathlib2"
version = "2.3.7.post1"
description = "Object-oriented filesystem paths"
optional = false
python-versions = "*"
files = [
    {file = "pathlib2-2.3.7.post1-py2.py3-none-any.whl", hash = "sha256:5266a0fd000452f1b3467d782f079a4343c63aaa119221fbdc4e39577489ca5b"},
    {file = "pathlib2-2.3.7.post1.tar.gz", hash = "sha256:9fe0edad898b83c0c3e199c842b27ed216645d2e177757b2dd67384d4113c641"},
]

[package.dependencies]
scandir = {version = "*", markers = "python_version < \"3.5\""}
six = "*"
typing = {version = "*", markers = "python_version < \"3.5\""}

[[package]]
name = "scandir"
version = "1.10.0"
description = "scandir, a better directory iterator and faster os.walk()"
optional = false
python-versions = "*"
files = [
    {file = "scandir-1.10.0-cp27-cp27m-win32.whl", hash = "sha256:92c85ac42f41ffdc35b6da57ed991575bdbe69db895507af88b9f499b701c188"},
    {file = "scandir-1.10.0-cp27-cp27m-win_amd64.whl", hash = "sha256:cb925555f43060a1745d0a321cca94bcea927c50114b623d73179189a4e100ac"},
    {file = "scandir-1.10.0-cp34-cp34m-win32.whl", hash = "sha256:2c712840c2e2ee8dfaf36034080108d30060d759c7b73a01a52251cc8989f11f"},
    {file = "scandir-1.10.0-cp34-cp34m-win_amd64.whl", hash = "sha256:2586c94e907d99617887daed6c1d102b5ca28f1085f90446554abf1faf73123e"},
    {file = "scandir-1.10.0-cp35-cp35m-win32.whl", hash = "sha256:2b8e3888b11abb2217a32af0766bc06b65cc4a928d8727828ee68af5a967fa6f"},
    {file = "scandir-1.10.0-cp35-cp35m-win_amd64.whl", hash = "sha256:8c5922863e44ffc00c5c693190648daa6d15e7c1207ed02d6f46a8dcc2869d32"},
    {file = "scandir-1.10.0-cp36-cp36m-win32.whl", hash = "sha256:2ae41f43797ca0c11591c0c35f2f5875fa99f8797cb1a1fd440497ec0ae4b022"},
    {file = "scandir-1.10.0-cp36-cp36m-win_amd64.whl", hash = "sha256:7d2d7a06a252764061a020407b997dd036f7bd6a175a5ba2b345f0a357f0b3f4"},
    {file = "scandir-1.10.0-cp37-cp37m-win32.whl", hash = "sha256:67f15b6f83e6507fdc6fca22fedf6ef8b334b399ca27c6b568cbfaa82a364173"},
    {file = "scandir-1.10.0-cp37-cp37m-win_amd64.whl", hash = "sha256:b24086f2375c4a094a6b51e78b4cf7ca16c721dcee2eddd7aa6494b42d6d519d"},
    {file = "scandir-1.10.0.tar.gz", hash = "sha256:4d4631f6062e658e9007ab3149a9b914f3548cb38bfb021c64f39a025ce578ae"},
]

[[package]]
name = "six"
version = "1.16.0"
description = "Python 2 and 3 compatibility utilities"
optional = false
python-versions = ">=2.7, !=3.0.*, !=3.1.*, !=3.2.*"
files = [
    {file = "six-1.16.0-py2.py3-none-any.whl", hash = "sha256:8abb2f1d86890a2dfb989f9a77cfcfd3e47c2a354b01111771326f8aa26e0254"},
    {file = "six-1.16.0.tar.gz", hash = "sha256:1e61c37477a1626458e36f7b1d82aa5c9b094fa4802892072e49de9c60c4c926"},
]

[[package]]
name = "typing"
version = "3.10.0.0"
description = "Type Hints for Python"
optional = false
python-versions = ">=2.7, !=3.0.*, !=3.1.*, !=3.2.*, !=3.3.*, <3.5"
files = [
    {file = "typing-3.10.0.0-py2-none-any.whl", hash = "sha256:c7219ef20c5fbf413b4567092adfc46fa6203cb8454eda33c3fc1afe1398a308"},
    {file = "typing-3.10.0.0-py3-none-any.whl", hash = "sha256:12fbdfbe7d6cca1a42e485229afcb0b0c8259258cfb919b8a5e2a5c953742f89"},
    {file = "typing-3.10.0.0.tar.gz", hash = "sha256:13b4ad211f54ddbf93e5901a9967b1e07720c1d1b78d596ac6a439641aa1b130"},
]

[[package]]
name = "zipp"
version = "1.2.0"
description = "Backport of pathlib-compatible object wrapper for zip files"
optional = false
python-versions = ">=2.7"
files = [
    {file = "zipp-1.2.0-py2.py3-none-any.whl", hash = "sha256:e0d9e63797e483a30d27e09fffd308c59a700d365ec34e93cc100844168bf921"},
    {file = "zipp-1.2.0.tar.gz", hash = "sha256:c70410551488251b0fee67b460fb9a536af8d6f9f008ad10ac51f615b6a521b1"},
]

[package.dependencies]
contextlib2 = {version = "*", markers = "python_version < \"3.4\""}

[package.extras]
docs = ["jaraco.packaging (>=3.2)", "rst.linker (>=1.9)", "sphinx"]
testing = ["func-timeout", "jaraco.itertools", "pathlib2", "unittest2"]

[metadata]
lock-version = "2.0"
python-versions = "^2.7 || ^3.5"
content-hash = "ebc7ddde17871cccc67a4d840734485ecf18483f928c42fa803950aa5d22c8cf"
