version = 1
revision = 3
requires-python = ">=3"
resolution-markers = [
    "python_full_version >= '3.9'",
    "python_full_version == '3.8.*'",
    "python_full_version == '3.7.*'",
    "python_full_version == '3.6.*'",
    "python_full_version < '3.6'",
]

[[package]]
name = "contextlib2"
version = "0.6.0.post1"
source = { registry = "https://pypi.org/simple" }
sdist = { url = "https://files.pythonhosted.org/packages/02/54/669207eb72e3d8ae8b38aa1f0703ee87a0e9f88f30d3c0a47bebdb6de242/contextlib2-0.6.0.post1.tar.gz", hash = "sha256:01f490098c18b19d2bd5bb5dc445b2054d2fa97f09a4280ba2c5f3c394c8162e", size = 29670, upload-time = "2019-10-10T12:48:44.918Z" }
wheels = [
    { url = "https://files.pythonhosted.org/packages/85/60/370352f7ef6aa96c52fb001831622f50f923c1d575427d021b8ab3311236/contextlib2-0.6.0.post1-py2.py3-none-any.whl", hash = "sha256:3355078a159fbb44ee60ea80abd0d87b80b78c248643b49aa6d94673b413609b", size = 9770, upload-time = "2019-10-10T12:47:48.72Z" },
]

[[package]]
name = "future"
version = "1.0.0"
source = { registry = "https://pypi.org/simple" }
sdist = { url = "https://files.pythonhosted.org/packages/a7/b2/4140c69c6a66432916b26158687e821ba631a4c9273c474343badf84d3ba/future-1.0.0.tar.gz", hash = "sha256:bd2968309307861edae1458a4f8a4f3598c03be43b97521076aebf5d94c07b05", size = 1228490, upload-time = "2024-02-21T11:52:38.461Z" }
wheels = [
    { url = "https://files.pythonhosted.org/packages/da/71/ae30dadffc90b9006d77af76b393cb9dfbfc9629f339fc1574a1c52e6806/future-1.0.0-py3-none-any.whl", hash = "sha256:929292d34f5872e70396626ef385ec22355a1fae8ad29e1a734c3e43f9fbc216", size = 491326, upload-time = "2024-02-21T11:52:35.956Z" },
]

[[package]]
name = "importlib-metadata"
version = "2.1.3"
source = { registry = "https://pypi.org/simple" }
resolution-markers = [
    "python_full_version < '3.6'",
]
dependencies = [
    { name = "zipp", version = "1.2.0", source = { registry = "https://pypi.org/simple" }, marker = "python_full_version < '3.6'" },
]
sdist = { url = "https://files.pythonhosted.org/packages/4c/d8/af92ca59b33366b3b9d230d17772d728d7b064f3de6d6150332d5fa8dae3/importlib_metadata-2.1.3.tar.gz", hash = "sha256:02a9f62b02e9b1cc43871809ef99947e8f5d94771392d666ada2cafc4cd09d4f", size = 30408, upload-time = "2022-01-23T15:25:19.224Z" }
wheels = [
    { url = "https://files.pythonhosted.org/packages/cf/b4/877779cd7b5a15536ecbe0655cfb35a0de0ede6d888151fd7356d278c47d/importlib_metadata-2.1.3-py2.py3-none-any.whl", hash = "sha256:52e65a0856f9ba7ea8f2c4ced253fb6c88d1a8c352cb1e916cff4eb17d5a693d", size = 10211, upload-time = "2022-01-23T15:25:17.896Z" },
]

[[package]]
name = "importlib-metadata"
version = "4.8.3"
source = { registry = "https://pypi.org/simple" }
resolution-markers = [
    "python_full_version == '3.6.*'",
]
dependencies = [
    { name = "typing-extensions", version = "4.1.1", source = { registry = "https://pypi.org/simple" }, marker = "python_full_version == '3.6.*'" },
    { name = "zipp", version = "3.6.0", source = { registry = "https://pypi.org/simple" }, marker = "python_full_version == '3.6.*'" },
]
sdist = { url = "https://files.pythonhosted.org/packages/85/ed/e65128cc5cb1580f22ee3009d9187ecdfcc43ffb3b581fe854b24e87d8e7/importlib_metadata-4.8.3.tar.gz", hash = "sha256:766abffff765960fcc18003801f7044eb6755ffae4521c8e8ce8e83b9c9b0668", size = 41979, upload-time = "2021-12-16T14:42:26.577Z" }
wheels = [
    { url = "https://files.pythonhosted.org/packages/a0/a1/b153a0a4caf7a7e3f15c2cd56c7702e2cf3d89b1b359d1f1c5e59d68f4ce/importlib_metadata-4.8.3-py3-none-any.whl", hash = "sha256:65a9576a5b2d58ca44d133c42a241905cc45e34d2c06fd5ba2bafa221e5d7b5e", size = 17978, upload-time = "2021-12-16T14:42:25.457Z" },
]

[[package]]
name = "importlib-metadata"
version = "6.7.0"
source = { registry = "https://pypi.org/simple" }
resolution-markers = [
    "python_full_version >= '3.9'",
    "python_full_version == '3.8.*'",
    "python_full_version == '3.7.*'",
]
dependencies = [
    { name = "typing-extensions", version = "4.7.1", source = { registry = "https://pypi.org/simple" }, marker = "python_full_version == '3.7.*'" },
    { name = "zipp", version = "3.15.0", source = { registry = "https://pypi.org/simple" }, marker = "python_full_version >= '3.7'" },
]
sdist = { url = "https://files.pythonhosted.org/packages/a3/82/f6e29c8d5c098b6be61460371c2c5591f4a335923639edec43b3830650a4/importlib_metadata-6.7.0.tar.gz", hash = "sha256:1aaf550d4f73e5d6783e7acb77aec43d49da8017410afae93822cc9cca98c4d4", size = 53569, upload-time = "2023-06-18T21:44:35.024Z" }
wheels = [
    { url = "https://files.pythonhosted.org/packages/ff/94/64287b38c7de4c90683630338cf28f129decbba0a44f0c6db35a873c73c4/importlib_metadata-6.7.0-py3-none-any.whl", hash = "sha256:cb52082e659e97afc5dac71e79de97d8681de3aa07ff18578330904a9d18e5b5", size = 22934, upload-time = "2023-06-18T21:44:33.441Z" },
]

[[package]]
name = "patch-package"
version = "0.1.3"
source = { editable = "." }
dependencies = [
    { name = "future" },
    { name = "importlib-metadata", version = "2.1.3", source = { registry = "https://pypi.org/simple" }, marker = "python_full_version < '3.6'" },
    { name = "importlib-metadata", version = "4.8.3", source = { registry = "https://pypi.org/simple" }, marker = "python_full_version == '3.6.*'" },
    { name = "importlib-metadata", version = "6.7.0", source = { registry = "https://pypi.org/simple" }, marker = "python_full_version >= '3.7' and python_full_version < '3.11'" },
    { name = "unidiff" },
    { name = "whatthepatch", version = "1.0.2", source = { registry = "https://pypi.org/simple" }, marker = "python_full_version < '3.7'" },
    { name = "whatthepatch", version = "1.0.5", source = { registry = "https://pypi.org/simple" }, marker = "python_full_version == '3.7.*'" },
    { name = "whatthepatch", version = "1.0.6", source = { registry = "https://pypi.org/simple" }, marker = "python_full_version == '3.8.*'" },
    { name = "whatthepatch", version = "1.0.7", source = { registry = "https://pypi.org/simple" }, marker = "python_full_version >= '3.9'" },
]

[package.metadata]
requires-dist = [
    { name = "future", specifier = ">=1.0.0,<2.0.0" },
    { name = "importlib-metadata", marker = "python_full_version < '3.11'" },
    { name = "unidiff", specifier = ">=0.7.5" },
    { name = "whatthepatch", specifier = ">=1.0.2" },
]

[[package]]
name = "typing-extensions"
version = "4.1.1"
source = { registry = "https://pypi.org/simple" }
resolution-markers = [
    "python_full_version == '3.6.*'",
]
sdist = { url = "https://files.pythonhosted.org/packages/b1/5a/8b5fbb891ef3f81fc923bf3cb4a578c0abf9471eb50ce0f51c74212182ab/typing_extensions-4.1.1.tar.gz", hash = "sha256:1a9462dcc3347a79b1f1c0271fbe79e844580bb598bafa1ed208b94da3cdcd42", size = 26694, upload-time = "2022-02-14T03:19:57.426Z" }
wheels = [
    { url = "https://files.pythonhosted.org/packages/45/6b/44f7f8f1e110027cf88956b59f2fad776cca7e1704396d043f89effd3a0e/typing_extensions-4.1.1-py3-none-any.whl", hash = "sha256:21c85e0fe4b9a155d0799430b0ad741cdce7e359660ccbd8b530613e8df88ce2", size = 26844, upload-time = "2022-02-14T03:19:55.773Z" },
]

[[package]]
name = "typing-extensions"
version = "4.7.1"
source = { registry = "https://pypi.org/simple" }
resolution-markers = [
    "python_full_version == '3.7.*'",
]
sdist = { url = "https://files.pythonhosted.org/packages/3c/8b/0111dd7d6c1478bf83baa1cab85c686426c7a6274119aceb2bd9d35395ad/typing_extensions-4.7.1.tar.gz", hash = "sha256:b75ddc264f0ba5615db7ba217daeb99701ad295353c45f9e95963337ceeeffb2", size = 72876, upload-time = "2023-07-02T14:20:55.045Z" }
wheels = [
    { url = "https://files.pythonhosted.org/packages/ec/6b/63cc3df74987c36fe26157ee12e09e8f9db4de771e0f3404263117e75b95/typing_extensions-4.7.1-py3-none-any.whl", hash = "sha256:440d5dd3af93b060174bf433bccd69b0babc3b15b1a8dca43789fd7f61514b36", size = 33232, upload-time = "2023-07-02T14:20:53.275Z" },
]

[[package]]
name = "unidiff"
version = "0.7.5"
source = { registry = "https://pypi.org/simple" }
sdist = { url = "https://files.pythonhosted.org/packages/a3/48/81be0ac96e423a877754153699731ef439fd7b80b4c8b5425c94ed079ebd/unidiff-0.7.5.tar.gz", hash = "sha256:2e5f0162052248946b9f0970a40e9e124236bf86c82b70821143a6fc1dea2574", size = 20931, upload-time = "2023-03-10T01:05:39.185Z" }
wheels = [
    { url = "https://files.pythonhosted.org/packages/8a/54/57c411a6e8f7bd7848c8b66e4dcaffa586bf4c02e63f2280db0327a4e6eb/unidiff-0.7.5-py2.py3-none-any.whl", hash = "sha256:c93bf2265cc1ba2a520e415ab05da587370bc2a3ae9e0414329f54f0c2fc09e8", size = 14386, upload-time = "2023-03-10T01:05:36.594Z" },
]

[[package]]
name = "whatthepatch"
version = "1.0.2"
source = { registry = "https://pypi.org/simple" }
resolution-markers = [
    "python_full_version == '3.6.*'",
    "python_full_version < '3.6'",
]
sdist = { url = "https://files.pythonhosted.org/packages/cf/88/2a5f8a0ec3ff8c76ed340b73558747736018ad9821e45439d63f989e1fbd/whatthepatch-1.0.2.tar.gz", hash = "sha256:c540ea59173e0a291e19c742dd8b406c56e2be039a600edb7c6fc3ae4bbdfa9f", size = 28459, upload-time = "2021-02-06T03:01:21.789Z" }
wheels = [
    { url = "https://files.pythonhosted.org/packages/fe/31/bf06fa31436e8118447bed0a428a1279d1164ebdc2d8866666033ab03ca8/whatthepatch-1.0.2-py2.py3-none-any.whl", hash = "sha256:6d920d6c328eda006f12ec05bc9eadb405957b18460520db195f9a21eb3336e1", size = 11322, upload-time = "2021-02-06T03:01:20.571Z" },
]

[[package]]
name = "whatthepatch"
version = "1.0.5"
source = { registry = "https://pypi.org/simple" }
resolution-markers = [
    "python_full_version == '3.7.*'",
]
sdist = { url = "https://files.pythonhosted.org/packages/22/5a/794d55721aa8414e617c431ec469dc0df3de74c7e28d44dd31ff7aa56f7d/whatthepatch-1.0.5.tar.gz", hash = "sha256:7f374c172812581bc3763587525d14a143aac7fe4220bc4676ecce0d86cb8f08", size = 31850, upload-time = "2023-05-06T15:00:05.171Z" }
wheels = [
    { url = "https://files.pythonhosted.org/packages/32/71/fb2edaee7c28ec6e22b7775a2606517f70e1f0af4d8a9fc333b026725d99/whatthepatch-1.0.5-py3-none-any.whl", hash = "sha256:6bc41f9f48a63384be4478d8b2d5b22185aac75be853cdcb150a2dc174ede7e1", size = 11963, upload-time = "2023-05-06T15:00:03.067Z" },
]

[[package]]
name = "whatthepatch"
version = "1.0.6"
source = { registry = "https://pypi.org/simple" }
resolution-markers = [
    "python_full_version == '3.8.*'",
]
sdist = { url = "https://files.pythonhosted.org/packages/7a/e8/5e5ebac614de35509e53635793a779513e06e9e0d9e8b0f8ac53524a4dc3/whatthepatch-1.0.6.tar.gz", hash = "sha256:b274b3294784f78b1e759b35b49b7ef2e8473a580aabf39e5b94a9f901e5de61", size = 31849, upload-time = "2024-07-14T15:34:04.108Z" }
wheels = [
    { url = "https://files.pythonhosted.org/packages/f6/bc/586a7c5614fe18e1fe260b06540c15033474bb44560ba822397025796158/whatthepatch-1.0.6-py3-none-any.whl", hash = "sha256:c0cee5975e9b5cad8a0d12a52d76f8bb567ccdec319cf08c5fcfb1efab7fa1b2", size = 11960, upload-time = "2024-07-14T15:34:02.664Z" },
]

[[package]]
name = "whatthepatch"
version = "1.0.7"
source = { registry = "https://pypi.org/simple" }
resolution-markers = [
    "python_full_version >= '3.9'",
]
sdist = { url = "https://files.pythonhosted.org/packages/06/28/55bc3e107a56fdcf7d5022cb32b8c21d98a9cc2df5cd9f3b93e10419099e/whatthepatch-1.0.7.tar.gz", hash = "sha256:9eefb4ebea5200408e02d413d2b4bc28daea6b78bb4b4d53431af7245f7d7edf", size = 34612, upload-time = "2024-11-16T17:21:22.153Z" }
wheels = [
    { url = "https://files.pythonhosted.org/packages/8e/93/af1d6ccb69ab6b5a00e03fa0cefa563f9862412667776ea15dd4eece3a90/whatthepatch-1.0.7-py3-none-any.whl", hash = "sha256:1b6f655fd31091c001c209529dfaabbabdbad438f5de14e3951266ea0fc6e7ed", size = 11964, upload-time = "2024-11-16T17:21:20.761Z" },
]

[[package]]
name = "zipp"
version = "1.2.0"
source = { registry = "https://pypi.org/simple" }
resolution-markers = [
    "python_full_version < '3.6'",
]
dependencies = [
    { name = "contextlib2", marker = "python_full_version < '3.4'" },
]
sdist = { url = "https://files.pythonhosted.org/packages/78/08/d52f0ea643bc1068d6dc98b412f4966a9b63255d20911a23ac3220c033c4/zipp-1.2.0.tar.gz", hash = "sha256:c70410551488251b0fee67b460fb9a536af8d6f9f008ad10ac51f615b6a521b1", size = 13357, upload-time = "2020-02-17T18:32:53.297Z" }
wheels = [
    { url = "https://files.pythonhosted.org/packages/96/0a/67556e9b7782df7118c1f49bdc494da5e5e429c93aa77965f33e81287c8c/zipp-1.2.0-py2.py3-none-any.whl", hash = "sha256:e0d9e63797e483a30d27e09fffd308c59a700d365ec34e93cc100844168bf921", size = 4821, upload-time = "2020-02-17T18:32:52.318Z" },
]

[[package]]
name = "zipp"
version = "3.6.0"
source = { registry = "https://pypi.org/simple" }
resolution-markers = [
    "python_full_version == '3.6.*'",
]
sdist = { url = "https://files.pythonhosted.org/packages/02/bf/0d03dbdedb83afec081fefe86cae3a2447250ef1a81ac601a9a56e785401/zipp-3.6.0.tar.gz", hash = "sha256:71c644c5369f4a6e07636f0aa966270449561fcea2e3d6747b8d23efaa9d7832", size = 13047, upload-time = "2021-09-29T15:34:01.816Z" }
wheels = [
    { url = "https://files.pythonhosted.org/packages/bd/df/d4a4974a3e3957fd1c1fa3082366d7fff6e428ddb55f074bf64876f8e8ad/zipp-3.6.0-py3-none-any.whl", hash = "sha256:9fe5ea21568a0a70e50f273397638d39b03353731e6cbbb3fd8502a33fec40bc", size = 5313, upload-time = "2021-09-29T15:34:00.831Z" },
]

[[package]]
name = "zipp"
version = "3.15.0"
source = { registry = "https://pypi.org/simple" }
resolution-markers = [
    "python_full_version >= '3.9'",
    "python_full_version == '3.8.*'",
    "python_full_version == '3.7.*'",
]
sdist = { url = "https://files.pythonhosted.org/packages/00/27/f0ac6b846684cecce1ee93d32450c45ab607f65c2e0255f0092032d91f07/zipp-3.15.0.tar.gz", hash = "sha256:112929ad649da941c23de50f356a2b5570c954b65150642bccdd66bf194d224b", size = 18454, upload-time = "2023-02-25T02:17:22.503Z" }
wheels = [
    { url = "https://files.pythonhosted.org/packages/5b/fa/c9e82bbe1af6266adf08afb563905eb87cab83fde00a0a08963510621047/zipp-3.15.0-py3-none-any.whl", hash = "sha256:48904fc76a60e542af151aded95726c1a5c34ed43ab4134b597665c86d7ad556", size = 6758, upload-time = "2023-02-25T02:17:20.807Z" },
]
